{
  "nodes": {
    "catppuccin": {
      "inputs": {
        "nixpkgs": "nixpkgs"
      },
      "locked": {
        "lastModified": 1751880463,
        "narHash": "sha256-aSQllMKqsTYAUp4yhpspZn0Hj5yIj7Mh4UD5iyk5iMM=",
        "owner": "catppuccin",
        "repo": "nix",
        "rev": "9474347c69e93e392f194dda7a57c641ba4b998e",
        "type": "github"
      },
      "original": {
        "owner": "catppuccin",
        "repo": "nix",
        "type": "github"
      }
    },
    "disko": {
      "inputs": {
        "nixpkgs": [
          "nixpkgs"
        ]
      },
      "locked": {
        "lastModified": 1751854533,
        "narHash": "sha256-U/OQFplExOR1jazZY4KkaQkJqOl59xlh21HP9mI79Vc=",
        "owner": "nix-community",
        "repo": "disko",
        "rev": "16b74a1e304197248a1bc663280f2548dbfcae3c",
        "type": "github"
      },
      "original": {
        "owner": "nix-community",
        "repo": "disko",
        "type": "github"
      }
    },
    "helix": {
      "inputs": {
        "nixpkgs": [
          "nixpkgs"
        ],
        "rust-overlay": "rust-overlay"
      },
      "locked": {
        "lastModified": 1751928076,
        "narHash": "sha256-Y9SnpJvUvLZsSKOzPRbyKxwxe6b9eBLGLkb+6vwobtc=",
        "owner": "helix-editor",
        "repo": "helix",
        "rev": "02fe4376220664479aadfb943f0314712d82ac33",
        "type": "github"
      },
      "original": {
        "owner": "helix-editor",
        "repo": "helix",
        "type": "github"
      }
    },
    "home-manager": {
      "inputs": {
        "nixpkgs": [
          "nixpkgs"
        ]
      },
      "locked": {
        "lastModified": 1751824240,
        "narHash": "sha256-aDDC0CHTlL7QDKWWhdbEgVPK6KwWt+ca0QkmHYZxMzI=",
        "owner": "nix-community",
        "repo": "home-manager",
        "rev": "fd9e55f5fac45a26f6169310afca64d56b681935",
        "type": "github"
      },
      "original": {
        "owner": "nix-community",
        "repo": "home-manager",
        "type": "github"
      }
    },
    "nixos-hardware": {
      "locked": {
        "lastModified": 1751432711,
        "narHash": "sha256-136MeWtckSHTN9Z2WRNRdZ8oRP3vyx3L8UxeBYE+J9w=",
        "owner": "NixOS",
        "repo": "nixos-hardware",
        "rev": "497ae1357f1ac97f1aea31a4cb74ad0d534ef41f",
        "type": "github"
      },
      "original": {
        "owner": "NixOS",
        "ref": "master",
        "repo": "nixos-hardware",
        "type": "github"
      }
    },
    "nixpkgs": {
      "locked": {
        "lastModified": 1750776420,
        "narHash": "sha256-/CG+w0o0oJ5itVklOoLbdn2dGB0wbZVOoDm4np6w09A=",
        "owner": "NixOS",
        "repo": "nixpkgs",
        "rev": "30a61f056ac492e3b7cdcb69c1e6abdcf00e39cf",
        "type": "github"
      },
      "original": {
        "owner": "NixOS",
        "ref": "nixos-unstable",
        "repo": "nixpkgs",
        "type": "github"
      }
    },
    "nixpkgs-small": {
      "locked": {
        "lastModified": 1751952840,
        "narHash": "sha256-SIkjQb9PPGvR/EcZAU8UZEnO9dwY2Z/BrDWgtyZd7OA=",
        "owner": "NixOS",
        "repo": "nixpkgs",
        "rev": "27278798fe68d7f81131dd7ab62b8ea2b795cd56",
        "type": "github"
      },
      "original": {
        "owner": "NixOS",
        "ref": "nixos-unstable-small",
        "repo": "nixpkgs",
        "type": "github"
      }
    },
    "nixpkgs_2": {
      "locked": {
        "lastModified": 1751792365,
        "narHash": "sha256-J1kI6oAj25IG4EdVlg2hQz8NZTBNYvIS0l4wpr9KcUo=",
        "owner": "NixOS",
        "repo": "nixpkgs",
        "rev": "1fd8bada0b6117e6c7eb54aad5813023eed37ccb",
        "type": "github"
      },
      "original": {
        "owner": "NixOS",
        "ref": "nixos-unstable",
        "repo": "nixpkgs",
        "type": "github"
      }
    },
    "root": {
      "inputs": {
        "catppuccin": "catppuccin",
        "disko": "disko",
        "helix": "helix",
        "home-manager": "home-manager",
        "nixos-hardware": "nixos-hardware",
        "nixpkgs": "nixpkgs_2",
        "nixpkgs-small": "nixpkgs-small",
        "satpaper": "satpaper"
      }
    },
    "rust-overlay": {
      "inputs": {
        "nixpkgs": [
          "helix",
          "nixpkgs"
        ]
      },
      "locked": {
        "lastModified": 1740623427,
        "narHash": "sha256-3SdPQrZoa4odlScFDUHd4CUPQ/R1gtH4Mq9u8CBiK8M=",
        "owner": "oxalica",
        "repo": "rust-overlay",
        "rev": "d342e8b5fd88421ff982f383c853f0fc78a847ab",
        "type": "github"
      },
      "original": {
        "owner": "oxalica",
        "repo": "rust-overlay",
        "type": "github"
      }
    },
    "rust-overlay_2": {
      "inputs": {
        "nixpkgs": [
          "satpaper",
          "nixpkgs"
        ]
      },
      "locked": {
        "lastModified": 1729650555,
        "narHash": "sha256-j8Sohst1TbQM6LqQKa/HRMfzsUwMhosuNMj2uOn9JOA=",
        "owner": "oxalica",
        "repo": "rust-overlay",
        "rev": "10c5eb61aaa32caddb9ecf0362a6eb9daeb08eab",
        "type": "github"
      },
      "original": {
        "owner": "oxalica",
        "repo": "rust-overlay",
        "type": "github"
      }
    },
    "satpaper": {
      "inputs": {
        "nixpkgs": [
          "nixpkgs"
        ],
        "rust-overlay": "rust-overlay_2"
      },
      "locked": {
        "lastModified": 1729674991,
        "narHash": "sha256-OjDAi8l9adwMdsk72tSP3qX5/D4A8cjPoEHSzhl/qUQ=",
        "owner": "Dragyx",
        "repo": "satpaper",
        "rev": "9fa9bb3df061fbd632828aa01a70d24ac81e2a84",
        "type": "github"
      },
      "original": {
        "owner": "Dragyx",
        "repo": "satpaper",
        "type": "github"
      }
    }
  },
  "root": "root",
  "version": 7
}
